
Microsoft Visual Studio Solution File, Format Version 12.00
# Visual Studio 15
VisualStudioVersion = 15.0.27130.2026
MinimumVisualStudioVersion = 10.0.40219.1
Project("{F184B08F-C81C-45F6-A57F-5ABD9991F28F}") = "rrWpfVb", "rrWpfVb\rrWpfVb.vbproj", "{431DD417-F2B0-4295-934A-655C20D06341}"
EndProject
Project("{FAE04EC0-301F-11D3-BF4B-00C04F79EFBC}") = "rrWpfCs", "rrWpfCs\rrWpfCs.csproj", "{11939585-3626-49EC-B25A-262C7D02F3E5}"
EndProject
Project("{F2A71F9B-5D33-465A-A702-920D77279786}") = "rrFS", "rrFS\rrFS.fsproj", "{91D5620C-3D04-4766-945E-C28F3DBFA039}"
EndProject
Project("{FAE04EC0-301F-11D3-BF4B-00C04F79EFBC}") = "rrCS", "rrCS\rrCS.csproj", "{F4943E2D-CAC1-42AF-9830-86323654F8E6}"
EndProject
Project("{F184B08F-C81C-45F6-A57F-5ABD9991F28F}") = "rrVB", "rrVB\rrVB.vbproj", "{3049D04B-8887-43BA-B35D-78978EE1E2CB}"
EndProject
Global
	GlobalSection(SolutionConfigurationPlatforms) = preSolution
		Debug|Any CPU = Debug|Any CPU
		Release|Any CPU = Release|Any CPU
	EndGlobalSection
	GlobalSection(ProjectConfigurationPlatforms) = postSolution
		{431DD417-F2B0-4295-934A-655C20D06341}.Debug|Any CPU.ActiveCfg = Debug|Any CPU
		{431DD417-F2B0-4295-934A-655C20D06341}.Debug|Any CPU.Build.0 = Debug|Any CPU
		{431DD417-F2B0-4295-934A-655C20D06341}.Release|Any CPU.ActiveCfg = Release|Any CPU
		{431DD417-F2B0-4295-934A-655C20D06341}.Release|Any CPU.Build.0 = Release|Any CPU
		{11939585-3626-49EC-B25A-262C7D02F3E5}.Debug|Any CPU.ActiveCfg = Debug|Any CPU
		{11939585-3626-49EC-B25A-262C7D02F3E5}.Debug|Any CPU.Build.0 = Debug|Any CPU
		{11939585-3626-49EC-B25A-262C7D02F3E5}.Release|Any CPU.ActiveCfg = Release|Any CPU
		{11939585-3626-49EC-B25A-262C7D02F3E5}.Release|Any CPU.Build.0 = Release|Any CPU
		{91D5620C-3D04-4766-945E-C28F3DBFA039}.Debug|Any CPU.ActiveCfg = Debug|Any CPU
		{91D5620C-3D04-4766-945E-C28F3DBFA039}.Debug|Any CPU.Build.0 = Debug|Any CPU
		{91D5620C-3D04-4766-945E-C28F3DBFA039}.Release|Any CPU.ActiveCfg = Release|Any CPU
		{91D5620C-3D04-4766-945E-C28F3DBFA039}.Release|Any CPU.Build.0 = Release|Any CPU
		{F4943E2D-CAC1-42AF-9830-86323654F8E6}.Debug|Any CPU.ActiveCfg = Debug|Any CPU
		{F4943E2D-CAC1-42AF-9830-86323654F8E6}.Debug|Any CPU.Build.0 = Debug|Any CPU
		{F4943E2D-CAC1-42AF-9830-86323654F8E6}.Release|Any CPU.ActiveCfg = Release|Any CPU
		{F4943E2D-CAC1-42AF-9830-86323654F8E6}.Release|Any CPU.Build.0 = Release|Any CPU
		{3049D04B-8887-43BA-B35D-78978EE1E2CB}.Debug|Any CPU.ActiveCfg = Debug|Any CPU
		{3049D04B-8887-43BA-B35D-78978EE1E2CB}.Debug|Any CPU.Build.0 = Debug|Any CPU
		{3049D04B-8887-43BA-B35D-78978EE1E2CB}.Release|Any CPU.ActiveCfg = Release|Any CPU
		{3049D04B-8887-43BA-B35D-78978EE1E2CB}.Release|Any CPU.Build.0 = Release|Any CPU
	EndGlobalSection
	GlobalSection(SolutionProperties) = preSolution
		HideSolutionNode = FALSE
	EndGlobalSection
	GlobalSection(ExtensibilityGlobals) = postSolution
		SolutionGuid = {E0767A05-61CA-46B7-9C4B-220686CC2119}
	EndGlobalSection
EndGlobal
